
Microsoft Visual Studio Solution File, Format Version 12.00
# Visual Studio Version 17
VisualStudioVersion = 17.2.32616.157
MinimumVisualStudioVersion = 10.0.40219.1
Project("{FAE04EC0-301F-11D3-BF4B-00C04F79EFBC}") = "RefactorTaskNew", "RefactorTaskNew\RefactorTaskNew.csproj", "{125316D8-7692-4C22-A3DA-5E81792B7203}"
EndProject
Project("{2150E333-8FDC-42A3-9474-1A3956D46DE8}") = "Solution Items", "Solution Items", "{441ED387-BB2E-4C9B-B44D-850716C4454C}"
	ProjectSection(SolutionItems) = preProject
		.editorconfig = .editorconfig
	EndProjectSection
EndProject
Global
	GlobalSection(SolutionConfigurationPlatforms) = preSolution
		Debug|Any CPU = Debug|Any CPU
		Release|Any CPU = Release|Any CPU
	EndGlobalSection
	GlobalSection(ProjectConfigurationPlatforms) = postSolution
		{125316D8-7692-4C22-A3DA-5E81792B7203}.Debug|Any CPU.ActiveCfg = Debug|Any CPU
		{125316D8-7692-4C22-A3DA-5E81792B7203}.Debug|Any CPU.Build.0 = Debug|Any CPU
		{125316D8-7692-4C22-A3DA-5E81792B7203}.Release|Any CPU.ActiveCfg = Release|Any CPU
		{125316D8-7692-4C22-A3DA-5E81792B7203}.Release|Any CPU.Build.0 = Release|Any CPU
	EndGlobalSection
	GlobalSection(SolutionProperties) = preSolution
		HideSolutionNode = FALSE
	EndGlobalSection
	GlobalSection(ExtensibilityGlobals) = postSolution
		SolutionGuid = {39FD91BA-1243-4C9E-A420-9B321CB91C53}
	EndGlobalSection
EndGlobal
